
Microsoft Visual Studio Solution File, Format Version 12.00
# Visual Studio Version 17
VisualStudioVersion = 17.14.36518.9 d17.14
MinimumVisualStudioVersion = 10.0.40219.1
Project("{FAE04EC0-301F-11D3-BF4B-00C04F79EFBC}") = "MauiAppEventos", "MauiAppEventos\MauiAppEventos.csproj", "{E9460416-91D8-4FA6-A4DA-C64F375C6357}"
EndProject
Global
	GlobalSection(SolutionConfigurationPlatforms) = preSolution
		Debug|Any CPU = Debug|Any CPU
		Release|Any CPU = Release|Any CPU
	EndGlobalSection
	GlobalSection(ProjectConfigurationPlatforms) = postSolution
		{E9460416-91D8-4FA6-A4DA-C64F375C6357}.Debug|Any CPU.ActiveCfg = Debug|Any CPU
		{E9460416-91D8-4FA6-A4DA-C64F375C6357}.Debug|Any CPU.Build.0 = Debug|Any CPU
		{E9460416-91D8-4FA6-A4DA-C64F375C6357}.Debug|Any CPU.Deploy.0 = Debug|Any CPU
		{E9460416-91D8-4FA6-A4DA-C64F375C6357}.Release|Any CPU.ActiveCfg = Release|Any CPU
		{E9460416-91D8-4FA6-A4DA-C64F375C6357}.Release|Any CPU.Build.0 = Release|Any CPU
		{E9460416-91D8-4FA6-A4DA-C64F375C6357}.Release|Any CPU.Deploy.0 = Release|Any CPU
	EndGlobalSection
	GlobalSection(SolutionProperties) = preSolution
		HideSolutionNode = FALSE
	EndGlobalSection
	GlobalSection(ExtensibilityGlobals) = postSolution
		SolutionGuid = {EECA5735-9639-485B-88E0-DCC163855A66}
	EndGlobalSection
EndGlobal
